{
  "lockfileVersion": 1,
  "configVersion": 1,
  "workspaces": {
    "": {
      "name": "tag-bot",
      "dependencies": {
        "slack.ts": "=0.0.22",
      },
      "devDependencies": {
        "@types/bun": "latest",
      },
      "peerDependencies": {
        "typescript": "^5.9.3",
      },
    },
  },
  "packages": {
    "@slack/types": ["@slack/types@2.21.1", "", {}, "sha512-I8vmSjNYWsaxuWPx6dz4yeh0h7vRBWbgAMK14LEmblbZ404BtrPbXs6jDPx4cYgGf8msDGF4A9opLZBu21FViQ=="],

    "@types/bun": ["@types/bun@1.3.13", "", { "dependencies": { "bun-types": "1.3.13" } }, "sha512-9fqXWk5YIHGGnUau9TEi+qdlTYDAnOj+xLCmSTwXfAIqXr2x4tytJb43E9uCvt09zJURKXwAtkoH4nLQfzeTXw=="],

    "@types/node": ["@types/node@25.6.2", "", { "dependencies": { "undici-types": "~7.19.0" } }, "sha512-sokuT28dxf9JT5Kady1fsXOvI4HVpjZa95NKT5y9PNTIrs2AsobR4GFAA90ZG8M+nxVRLysCXsVj6eGC7Vbrlw=="],

    "bun-types": ["bun-types@1.3.13", "", { "dependencies": { "@types/node": "*" } }, "sha512-QXKeHLlOLqQX9LgYaHJfzdBaV21T63HhFJnvuRCcjZiaUDpbs5ED1MgxbMra71CsryN/1dAoXuJJJwIv/2drVA=="],

    "slack-undoc-client": ["slack-undoc-client@1.1.1", "", {}, "sha512-D7+CKoiVjlimxGCzgAvpev42pe0X1Fepes2ZP3tCU6bLCpp7vG/PHRN3wuxTG/SF+z2WcXlZZxv00/FIaObTfQ=="],

    "slack.ts": ["slack.ts@0.0.22", "", { "dependencies": { "@slack/types": "^2.20.1", "slack-undoc-client": "1.1.1", "ws": "^8.20.0" } }, "sha512-eZW3l7A99hmJH96s1bg8b6Ga11On3iyOEvB16UPS366qm45nimgoRBei5F/rm9X9tm0hPrz+M5Z8ICXmA1T/IQ=="],

    "typescript": ["typescript@5.9.3", "", { "bin": { "tsc": "bin/tsc", "tsserver": "bin/tsserver" } }, "sha512-jl1vZzPDinLr9eUt3J/t7V6FgNEw9QjvBPdysz9KfQDD41fQrC2Y4vKQdiaUpFT4bXlb1RHhLpp8wtm6M5TgSw=="],

    "undici-types": ["undici-types@7.19.2", "", {}, "sha512-qYVnV5OEm2AW8cJMCpdV20CDyaN3g0AjDlOGf1OW4iaDEx8MwdtChUp4zu4H0VP3nDRF/8RKWH+IPp9uW0YGZg=="],

    "ws": ["ws@8.20.0", "", { "peerDependencies": { "bufferutil": "^4.0.1", "utf-8-validate": ">=5.0.2" }, "optionalPeers": ["bufferutil", "utf-8-validate"] }, "sha512-sAt8BhgNbzCtgGbt2OxmpuryO63ZoDk/sqaB/znQm94T4fCEsy/yV+7CdC1kJhOU9lboAEU7R3kquuycDoibVA=="],
  }
}
